
Microsoft Visual Studio Solution File, Format Version 12.00
# Visual Studio Version 17
VisualStudioVersion = 17.0.31903.59
MinimumVisualStudioVersion = 10.0.40219.1
Project("{FAE04EC0-301F-11D3-BF4B-00C04F79EFBC}") = "PoFunQuiz.Web", "PoFunQuiz.Web\PoFunQuiz.Web.csproj", "{0B839BC6-46A5-4179-909C-77938DE8C7F0}"
EndProject
Project("{FAE04EC0-301F-11D3-BF4B-00C04F79EFBC}") = "PoFunQuiz.Core", "PoFunQuiz.Core\PoFunQuiz.Core.csproj", "{8D00F6EE-1FCC-4DC8-B7A5-9387E5ACC322}"
EndProject
Project("{FAE04EC0-301F-11D3-BF4B-00C04F79EFBC}") = "PoFunQuiz.Infrastructure", "PoFunQuiz.Infrastructure\PoFunQuiz.Infrastructure.csproj", "{C5F14B63-5136-4300-8BBA-30A479DE21C3}"
EndProject
Project("{FAE04EC0-301F-11D3-BF4B-00C04F79EFBC}") = "PoFunQuiz.Tests", "PoFunQuiz.Tests\PoFunQuiz.Tests.csproj", "{3547AACE-840D-483D-B6E8-4ED8ACFA6F18}"
EndProject
Global
	GlobalSection(SolutionConfigurationPlatforms) = preSolution
		Debug|Any CPU = Debug|Any CPU
		Debug|x64 = Debug|x64
		Debug|x86 = Debug|x86
		Release|Any CPU = Release|Any CPU
		Release|x64 = Release|x64
		Release|x86 = Release|x86
	EndGlobalSection
	GlobalSection(ProjectConfigurationPlatforms) = postSolution
		{0B839BC6-46A5-4179-909C-77938DE8C7F0}.Debug|Any CPU.ActiveCfg = Debug|Any CPU
		{0B839BC6-46A5-4179-909C-77938DE8C7F0}.Debug|Any CPU.Build.0 = Debug|Any CPU
		{0B839BC6-46A5-4179-909C-77938DE8C7F0}.Debug|x64.ActiveCfg = Debug|Any CPU
		{0B839BC6-46A5-4179-909C-77938DE8C7F0}.Debug|x64.Build.0 = Debug|Any CPU
		{0B839BC6-46A5-4179-909C-77938DE8C7F0}.Debug|x86.ActiveCfg = Debug|Any CPU
		{0B839BC6-46A5-4179-909C-77938DE8C7F0}.Debug|x86.Build.0 = Debug|Any CPU
		{0B839BC6-46A5-4179-909C-77938DE8C7F0}.Release|Any CPU.ActiveCfg = Release|Any CPU
		{0B839BC6-46A5-4179-909C-77938DE8C7F0}.Release|Any CPU.Build.0 = Release|Any CPU
		{0B839BC6-46A5-4179-909C-77938DE8C7F0}.Release|x64.ActiveCfg = Release|Any CPU
		{0B839BC6-46A5-4179-909C-77938DE8C7F0}.Release|x64.Build.0 = Release|Any CPU
		{0B839BC6-46A5-4179-909C-77938DE8C7F0}.Release|x86.ActiveCfg = Release|Any CPU
		{0B839BC6-46A5-4179-909C-77938DE8C7F0}.Release|x86.Build.0 = Release|Any CPU
		{8D00F6EE-1FCC-4DC8-B7A5-9387E5ACC322}.Debug|Any CPU.ActiveCfg = Debug|Any CPU
		{8D00F6EE-1FCC-4DC8-B7A5-9387E5ACC322}.Debug|Any CPU.Build.0 = Debug|Any CPU
		{8D00F6EE-1FCC-4DC8-B7A5-9387E5ACC322}.Debug|x64.ActiveCfg = Debug|Any CPU
		{8D00F6EE-1FCC-4DC8-B7A5-9387E5ACC322}.Debug|x64.Build.0 = Debug|Any CPU
		{8D00F6EE-1FCC-4DC8-B7A5-9387E5ACC322}.Debug|x86.ActiveCfg = Debug|Any CPU
		{8D00F6EE-1FCC-4DC8-B7A5-9387E5ACC322}.Debug|x86.Build.0 = Debug|Any CPU
		{8D00F6EE-1FCC-4DC8-B7A5-9387E5ACC322}.Release|Any CPU.ActiveCfg = Release|Any CPU
		{8D00F6EE-1FCC-4DC8-B7A5-9387E5ACC322}.Release|Any CPU.Build.0 = Release|Any CPU
		{8D00F6EE-1FCC-4DC8-B7A5-9387E5ACC322}.Release|x64.ActiveCfg = Release|Any CPU
		{8D00F6EE-1FCC-4DC8-B7A5-9387E5ACC322}.Release|x64.Build.0 = Release|Any CPU
		{8D00F6EE-1FCC-4DC8-B7A5-9387E5ACC322}.Release|x86.ActiveCfg = Release|Any CPU
		{8D00F6EE-1FCC-4DC8-B7A5-9387E5ACC322}.Release|x86.Build.0 = Release|Any CPU
		{C5F14B63-5136-4300-8BBA-30A479DE21C3}.Debug|Any CPU.ActiveCfg = Debug|Any CPU
		{C5F14B63-5136-4300-8BBA-30A479DE21C3}.Debug|Any CPU.Build.0 = Debug|Any CPU
		{C5F14B63-5136-4300-8BBA-30A479DE21C3}.Debug|x64.ActiveCfg = Debug|Any CPU
		{C5F14B63-5136-4300-8BBA-30A479DE21C3}.Debug|x64.Build.0 = Debug|Any CPU
		{C5F14B63-5136-4300-8BBA-30A479DE21C3}.Debug|x86.ActiveCfg = Debug|Any CPU
		{C5F14B63-5136-4300-8BBA-30A479DE21C3}.Debug|x86.Build.0 = Debug|Any CPU
		{C5F14B63-5136-4300-8BBA-30A479DE21C3}.Release|Any CPU.ActiveCfg = Release|Any CPU
		{C5F14B63-5136-4300-8BBA-30A479DE21C3}.Release|Any CPU.Build.0 = Release|Any CPU
		{C5F14B63-5136-4300-8BBA-30A479DE21C3}.Release|x64.ActiveCfg = Release|Any CPU
		{C5F14B63-5136-4300-8BBA-30A479DE21C3}.Release|x64.Build.0 = Release|Any CPU
		{C5F14B63-5136-4300-8BBA-30A479DE21C3}.Release|x86.ActiveCfg = Release|Any CPU
		{C5F14B63-5136-4300-8BBA-30A479DE21C3}.Release|x86.Build.0 = Release|Any CPU
		{3547AACE-840D-483D-B6E8-4ED8ACFA6F18}.Debug|Any CPU.ActiveCfg = Debug|Any CPU
		{3547AACE-840D-483D-B6E8-4ED8ACFA6F18}.Debug|Any CPU.Build.0 = Debug|Any CPU
		{3547AACE-840D-483D-B6E8-4ED8ACFA6F18}.Debug|x64.ActiveCfg = Debug|Any CPU
		{3547AACE-840D-483D-B6E8-4ED8ACFA6F18}.Debug|x64.Build.0 = Debug|Any CPU
		{3547AACE-840D-483D-B6E8-4ED8ACFA6F18}.Debug|x86.ActiveCfg = Debug|Any CPU
		{3547AACE-840D-483D-B6E8-4ED8ACFA6F18}.Debug|x86.Build.0 = Debug|Any CPU
		{3547AACE-840D-483D-B6E8-4ED8ACFA6F18}.Release|Any CPU.ActiveCfg = Release|Any CPU
		{3547AACE-840D-483D-B6E8-4ED8ACFA6F18}.Release|Any CPU.Build.0 = Release|Any CPU
		{3547AACE-840D-483D-B6E8-4ED8ACFA6F18}.Release|x64.ActiveCfg = Release|Any CPU
		{3547AACE-840D-483D-B6E8-4ED8ACFA6F18}.Release|x64.Build.0 = Release|Any CPU
		{3547AACE-840D-483D-B6E8-4ED8ACFA6F18}.Release|x86.ActiveCfg = Release|Any CPU
		{3547AACE-840D-483D-B6E8-4ED8ACFA6F18}.Release|x86.Build.0 = Release|Any CPU
	EndGlobalSection
	GlobalSection(SolutionProperties) = preSolution
		HideSolutionNode = FALSE
	EndGlobalSection
EndGlobal
